
Microsoft Visual Studio Solution File, Format Version 12.00
# Visual Studio Version 16
VisualStudioVersion = 16.0.30621.155
MinimumVisualStudioVersion = 10.0.40219.1
Project("{8BC9CEB8-8B4A-11D0-8D11-00A0C91BC942}") = "cpp_Vector", "cpp_Vector\cpp_Vector.vcxproj", "{12120D9F-A8E0-436A-BB8C-CA41B77F1ACE}"
EndProject
Project("{888888A0-9F3D-457C-B088-3A5042F75D52}") = "Py_Vector_List", "Py_Vector_List\Py_Vector_List.pyproj", "{9B2AC6DA-9AE9-4D9E-AC15-EC337F12F8E5}"
EndProject
Project("{FAE04EC0-301F-11D3-BF4B-00C04F79EFBC}") = "Cs_Vector_List", "Cs_Vector_List\Cs_Vector_List.csproj", "{915F25AA-06E3-451D-AA21-F784A5958D0D}"
EndProject
Project("{8BC9CEB8-8B4A-11D0-8D11-00A0C91BC942}") = "LinkedList", "LinkedList\LinkedList.vcxproj", "{75ABABBD-6D41-4F6B-AFA5-71B2997B9D1C}"
EndProject
Global
	GlobalSection(SolutionConfigurationPlatforms) = preSolution
		Debug|Any CPU = Debug|Any CPU
		Debug|x64 = Debug|x64
		Debug|x86 = Debug|x86
		Release|Any CPU = Release|Any CPU
		Release|x64 = Release|x64
		Release|x86 = Release|x86
	EndGlobalSection
	GlobalSection(ProjectConfigurationPlatforms) = postSolution
		{12120D9F-A8E0-436A-BB8C-CA41B77F1ACE}.Debug|Any CPU.ActiveCfg = Debug|Win32
		{12120D9F-A8E0-436A-BB8C-CA41B77F1ACE}.Debug|x64.ActiveCfg = Debug|x64
		{12120D9F-A8E0-436A-BB8C-CA41B77F1ACE}.Debug|x64.Build.0 = Debug|x64
		{12120D9F-A8E0-436A-BB8C-CA41B77F1ACE}.Debug|x86.ActiveCfg = Debug|Win32
		{12120D9F-A8E0-436A-BB8C-CA41B77F1ACE}.Debug|x86.Build.0 = Debug|Win32
		{12120D9F-A8E0-436A-BB8C-CA41B77F1ACE}.Release|Any CPU.ActiveCfg = Release|Win32
		{12120D9F-A8E0-436A-BB8C-CA41B77F1ACE}.Release|x64.ActiveCfg = Release|x64
		{12120D9F-A8E0-436A-BB8C-CA41B77F1ACE}.Release|x64.Build.0 = Release|x64
		{12120D9F-A8E0-436A-BB8C-CA41B77F1ACE}.Release|x86.ActiveCfg = Release|Win32
		{12120D9F-A8E0-436A-BB8C-CA41B77F1ACE}.Release|x86.Build.0 = Release|Win32
		{9B2AC6DA-9AE9-4D9E-AC15-EC337F12F8E5}.Debug|Any CPU.ActiveCfg = Debug|Any CPU
		{9B2AC6DA-9AE9-4D9E-AC15-EC337F12F8E5}.Debug|x64.ActiveCfg = Debug|Any CPU
		{9B2AC6DA-9AE9-4D9E-AC15-EC337F12F8E5}.Debug|x86.ActiveCfg = Debug|Any CPU
		{9B2AC6DA-9AE9-4D9E-AC15-EC337F12F8E5}.Release|Any CPU.ActiveCfg = Release|Any CPU
		{9B2AC6DA-9AE9-4D9E-AC15-EC337F12F8E5}.Release|x64.ActiveCfg = Release|Any CPU
		{9B2AC6DA-9AE9-4D9E-AC15-EC337F12F8E5}.Release|x86.ActiveCfg = Release|Any CPU
		{915F25AA-06E3-451D-AA21-F784A5958D0D}.Debug|Any CPU.ActiveCfg = Debug|Any CPU
		{915F25AA-06E3-451D-AA21-F784A5958D0D}.Debug|Any CPU.Build.0 = Debug|Any CPU
		{915F25AA-06E3-451D-AA21-F784A5958D0D}.Debug|x64.ActiveCfg = Debug|Any CPU
		{915F25AA-06E3-451D-AA21-F784A5958D0D}.Debug|x64.Build.0 = Debug|Any CPU
		{915F25AA-06E3-451D-AA21-F784A5958D0D}.Debug|x86.ActiveCfg = Debug|Any CPU
		{915F25AA-06E3-451D-AA21-F784A5958D0D}.Debug|x86.Build.0 = Debug|Any CPU
		{915F25AA-06E3-451D-AA21-F784A5958D0D}.Release|Any CPU.ActiveCfg = Release|Any CPU
		{915F25AA-06E3-451D-AA21-F784A5958D0D}.Release|Any CPU.Build.0 = Release|Any CPU
		{915F25AA-06E3-451D-AA21-F784A5958D0D}.Release|x64.ActiveCfg = Release|Any CPU
		{915F25AA-06E3-451D-AA21-F784A5958D0D}.Release|x64.Build.0 = Release|Any CPU
		{915F25AA-06E3-451D-AA21-F784A5958D0D}.Release|x86.ActiveCfg = Release|Any CPU
		{915F25AA-06E3-451D-AA21-F784A5958D0D}.Release|x86.Build.0 = Release|Any CPU
		{75ABABBD-6D41-4F6B-AFA5-71B2997B9D1C}.Debug|Any CPU.ActiveCfg = Debug|Win32
		{75ABABBD-6D41-4F6B-AFA5-71B2997B9D1C}.Debug|x64.ActiveCfg = Debug|x64
		{75ABABBD-6D41-4F6B-AFA5-71B2997B9D1C}.Debug|x64.Build.0 = Debug|x64
		{75ABABBD-6D41-4F6B-AFA5-71B2997B9D1C}.Debug|x86.ActiveCfg = Debug|Win32
		{75ABABBD-6D41-4F6B-AFA5-71B2997B9D1C}.Debug|x86.Build.0 = Debug|Win32
		{75ABABBD-6D41-4F6B-AFA5-71B2997B9D1C}.Release|Any CPU.ActiveCfg = Release|Win32
		{75ABABBD-6D41-4F6B-AFA5-71B2997B9D1C}.Release|x64.ActiveCfg = Release|x64
		{75ABABBD-6D41-4F6B-AFA5-71B2997B9D1C}.Release|x64.Build.0 = Release|x64
		{75ABABBD-6D41-4F6B-AFA5-71B2997B9D1C}.Release|x86.ActiveCfg = Release|Win32
		{75ABABBD-6D41-4F6B-AFA5-71B2997B9D1C}.Release|x86.Build.0 = Release|Win32
	EndGlobalSection
	GlobalSection(SolutionProperties) = preSolution
		HideSolutionNode = FALSE
	EndGlobalSection
	GlobalSection(ExtensibilityGlobals) = postSolution
		SolutionGuid = {EE297FAC-F6E1-4811-9BF7-B5AF47D7C14B}
	EndGlobalSection
EndGlobal
